
Microsoft Visual Studio Solution File, Format Version 12.00
# Visual Studio Version 17
VisualStudioVersion = 17.0.31903.59
MinimumVisualStudioVersion = 10.0.40219.1
Project("{2150E333-8FDC-42A3-9474-1A3956D46DE8}") = "src", "src", "{E965A121-9C16-4C4A-8BC9-5EB64E528627}"
EndProject
Project("{2150E333-8FDC-42A3-9474-1A3956D46DE8}") = "Services", "Services", "{81862EF6-C46C-403C-A925-673A54B8978F}"
EndProject
Project("{2150E333-8FDC-42A3-9474-1A3956D46DE8}") = "Product", "Product", "{EFD41962-963F-4B1A-9B68-667308AA8F04}"
EndProject
Project("{FAE04EC0-301F-11D3-BF4B-00C04F79EFBC}") = "Product.Domain", "src\Services\Product\Product.Domain\Product.Domain.csproj", "{879E802A-42FD-441D-9701-76A4ECD5EF42}"
EndProject
Project("{FAE04EC0-301F-11D3-BF4B-00C04F79EFBC}") = "Product.Application", "src\Services\Product\Product.Application\Product.Application.csproj", "{441DD7BD-E1A9-4EB0-8419-9404E63ECF63}"
EndProject
Project("{FAE04EC0-301F-11D3-BF4B-00C04F79EFBC}") = "Product.Infrastructure", "src\Services\Product\Product.Infrastructure\Product.Infrastructure.csproj", "{C7C27511-8919-41DE-91C2-1522B7887B7D}"
EndProject
Project("{FAE04EC0-301F-11D3-BF4B-00C04F79EFBC}") = "Product.API", "src\Services\Product\Product.API\Product.API.csproj", "{91763796-271D-4166-9EE4-C764B4E07377}"
EndProject
Project("{2150E333-8FDC-42A3-9474-1A3956D46DE8}") = "Auth", "Auth", "{4B7E45C0-439D-4E9F-9700-24B36C0F3627}"
EndProject
Project("{FAE04EC0-301F-11D3-BF4B-00C04F79EFBC}") = "Auth.API", "src\Services\Auth\Auth.API\Auth.API.csproj", "{5FE64792-24D4-4429-9668-194C3665424C}"
EndProject
Project("{FAE04EC0-301F-11D3-BF4B-00C04F79EFBC}") = "Auth.Domain", "src\Services\Auth\Auth.Domain\Auth.Domain.csproj", "{FCDF942C-6DF4-4E3C-8307-2A908AE431A5}"
EndProject
Project("{FAE04EC0-301F-11D3-BF4B-00C04F79EFBC}") = "Auth.Application", "src\Services\Auth\Auth.Application\Auth.Application.csproj", "{4647FDC5-E24B-49F5-857A-BFCAB0D3CBAD}"
EndProject
Project("{FAE04EC0-301F-11D3-BF4B-00C04F79EFBC}") = "Auth.Infrastructure", "src\Services\Auth\Auth.Infrastructure\Auth.Infrastructure.csproj", "{BA8EA0B3-3C7A-48A1-8B2C-03704AD0391E}"
EndProject
Global
	GlobalSection(SolutionConfigurationPlatforms) = preSolution
		Debug|Any CPU = Debug|Any CPU
		Release|Any CPU = Release|Any CPU
	EndGlobalSection
	GlobalSection(SolutionProperties) = preSolution
		HideSolutionNode = FALSE
	EndGlobalSection
	GlobalSection(ProjectConfigurationPlatforms) = postSolution
		{879E802A-42FD-441D-9701-76A4ECD5EF42}.Debug|Any CPU.ActiveCfg = Debug|Any CPU
		{879E802A-42FD-441D-9701-76A4ECD5EF42}.Debug|Any CPU.Build.0 = Debug|Any CPU
		{879E802A-42FD-441D-9701-76A4ECD5EF42}.Release|Any CPU.ActiveCfg = Release|Any CPU
		{879E802A-42FD-441D-9701-76A4ECD5EF42}.Release|Any CPU.Build.0 = Release|Any CPU
		{441DD7BD-E1A9-4EB0-8419-9404E63ECF63}.Debug|Any CPU.ActiveCfg = Debug|Any CPU
		{441DD7BD-E1A9-4EB0-8419-9404E63ECF63}.Debug|Any CPU.Build.0 = Debug|Any CPU
		{441DD7BD-E1A9-4EB0-8419-9404E63ECF63}.Release|Any CPU.ActiveCfg = Release|Any CPU
		{441DD7BD-E1A9-4EB0-8419-9404E63ECF63}.Release|Any CPU.Build.0 = Release|Any CPU
		{C7C27511-8919-41DE-91C2-1522B7887B7D}.Debug|Any CPU.ActiveCfg = Debug|Any CPU
		{C7C27511-8919-41DE-91C2-1522B7887B7D}.Debug|Any CPU.Build.0 = Debug|Any CPU
		{C7C27511-8919-41DE-91C2-1522B7887B7D}.Release|Any CPU.ActiveCfg = Release|Any CPU
		{C7C27511-8919-41DE-91C2-1522B7887B7D}.Release|Any CPU.Build.0 = Release|Any CPU
		{91763796-271D-4166-9EE4-C764B4E07377}.Debug|Any CPU.ActiveCfg = Debug|Any CPU
		{91763796-271D-4166-9EE4-C764B4E07377}.Debug|Any CPU.Build.0 = Debug|Any CPU
		{91763796-271D-4166-9EE4-C764B4E07377}.Release|Any CPU.ActiveCfg = Release|Any CPU
		{91763796-271D-4166-9EE4-C764B4E07377}.Release|Any CPU.Build.0 = Release|Any CPU
		{5FE64792-24D4-4429-9668-194C3665424C}.Debug|Any CPU.ActiveCfg = Debug|Any CPU
		{5FE64792-24D4-4429-9668-194C3665424C}.Debug|Any CPU.Build.0 = Debug|Any CPU
		{5FE64792-24D4-4429-9668-194C3665424C}.Release|Any CPU.ActiveCfg = Release|Any CPU
		{5FE64792-24D4-4429-9668-194C3665424C}.Release|Any CPU.Build.0 = Release|Any CPU
		{FCDF942C-6DF4-4E3C-8307-2A908AE431A5}.Debug|Any CPU.ActiveCfg = Debug|Any CPU
		{FCDF942C-6DF4-4E3C-8307-2A908AE431A5}.Debug|Any CPU.Build.0 = Debug|Any CPU
		{FCDF942C-6DF4-4E3C-8307-2A908AE431A5}.Release|Any CPU.ActiveCfg = Release|Any CPU
		{FCDF942C-6DF4-4E3C-8307-2A908AE431A5}.Release|Any CPU.Build.0 = Release|Any CPU
		{4647FDC5-E24B-49F5-857A-BFCAB0D3CBAD}.Debug|Any CPU.ActiveCfg = Debug|Any CPU
		{4647FDC5-E24B-49F5-857A-BFCAB0D3CBAD}.Debug|Any CPU.Build.0 = Debug|Any CPU
		{4647FDC5-E24B-49F5-857A-BFCAB0D3CBAD}.Release|Any CPU.ActiveCfg = Release|Any CPU
		{4647FDC5-E24B-49F5-857A-BFCAB0D3CBAD}.Release|Any CPU.Build.0 = Release|Any CPU
		{BA8EA0B3-3C7A-48A1-8B2C-03704AD0391E}.Debug|Any CPU.ActiveCfg = Debug|Any CPU
		{BA8EA0B3-3C7A-48A1-8B2C-03704AD0391E}.Debug|Any CPU.Build.0 = Debug|Any CPU
		{BA8EA0B3-3C7A-48A1-8B2C-03704AD0391E}.Release|Any CPU.ActiveCfg = Release|Any CPU
		{BA8EA0B3-3C7A-48A1-8B2C-03704AD0391E}.Release|Any CPU.Build.0 = Release|Any CPU
	EndGlobalSection
	GlobalSection(NestedProjects) = preSolution
		{81862EF6-C46C-403C-A925-673A54B8978F} = {E965A121-9C16-4C4A-8BC9-5EB64E528627}
		{EFD41962-963F-4B1A-9B68-667308AA8F04} = {81862EF6-C46C-403C-A925-673A54B8978F}
		{879E802A-42FD-441D-9701-76A4ECD5EF42} = {EFD41962-963F-4B1A-9B68-667308AA8F04}
		{441DD7BD-E1A9-4EB0-8419-9404E63ECF63} = {EFD41962-963F-4B1A-9B68-667308AA8F04}
		{C7C27511-8919-41DE-91C2-1522B7887B7D} = {EFD41962-963F-4B1A-9B68-667308AA8F04}
		{91763796-271D-4166-9EE4-C764B4E07377} = {EFD41962-963F-4B1A-9B68-667308AA8F04}
		{4B7E45C0-439D-4E9F-9700-24B36C0F3627} = {81862EF6-C46C-403C-A925-673A54B8978F}
		{5FE64792-24D4-4429-9668-194C3665424C} = {4B7E45C0-439D-4E9F-9700-24B36C0F3627}
		{FCDF942C-6DF4-4E3C-8307-2A908AE431A5} = {4B7E45C0-439D-4E9F-9700-24B36C0F3627}
		{4647FDC5-E24B-49F5-857A-BFCAB0D3CBAD} = {4B7E45C0-439D-4E9F-9700-24B36C0F3627}
		{BA8EA0B3-3C7A-48A1-8B2C-03704AD0391E} = {4B7E45C0-439D-4E9F-9700-24B36C0F3627}
	EndGlobalSection
EndGlobal
